Microsoft Visual Studio Solution File, Format Version 12.00
# Visual Studio Version 17
VisualStudioVersion = 17.13.35818.85
MinimumVisualStudioVersion = 10.0.40219.1
Project("{FAE04EC0-301F-11D3-BF4B-00C04F79EFBC}") = "WAVY", "WAVY.csproj", "{EFCC7415-A9C1-4BBE-92B1-0F8EEE6AAA7B}"
EndProject
Project("{FAE04EC0-301F-11D3-BF4B-00C04F79EFBC}") = "AGREGADOR", "..\AGREGADOR\AGREGADOR.csproj", "{E24B1A67-E292-4ACB-92B8-38B6361A7374}"
EndProject
Project("{FAE04EC0-301F-11D3-BF4B-00C04F79EFBC}") = "SERVIDOR TCP", "..\SERVIDOR TCP\SERVIDOR TCP.csproj", "{876B9501-0155-4634-856A-936D5DC2AA75}"
EndProject
Project("{FAE04EC0-301F-11D3-BF4B-00C04F79EFBC}") = "MenuAgregador", "..\MenuAgregador\MenuAgregador.csproj", "{441C23D5-62D4-4358-ACD7-38EC30940F92}"
EndProject
Project("{FAE04EC0-301F-11D3-BF4B-00C04F79EFBC}") = "PreProcessingService", "..\PreProcessingService\PreProcessingService.csproj", "{0156EA3B-3843-42B5-8530-EBDBD8BD3909}"
EndProject
Project("{FAE04EC0-301F-11D3-BF4B-00C04F79EFBC}") = "AnalysisService", "..\AnalysisService\AnalysisService.csproj", "{0F4D74E7-CCA8-41F8-8BED-3F3CA1E86E33}"
EndProject
Project("{FAE04EC0-301F-11D3-BF4B-00C04F79EFBC}") = "OceanicDashboard", "..\OceanicDashboard\OceanicDashboard.csproj", "{A1B2C3D4-E5F6-7890-ABCD-EF1234567890}"
EndProject
Global
	GlobalSection(SolutionConfigurationPlatforms) = preSolution
		Debug|Any CPU = Debug|Any CPU
		Release|Any CPU = Release|Any CPU
	EndGlobalSection
	GlobalSection(ProjectConfigurationPlatforms) = postSolution
		{EFCC7415-A9C1-4BBE-92B1-0F8EEE6AAA7B}.Debug|Any CPU.ActiveCfg = Debug|Any CPU
		{EFCC7415-A9C1-4BBE-92B1-0F8EEE6AAA7B}.Debug|Any CPU.Build.0 = Debug|Any CPU
		{EFCC7415-A9C1-4BBE-92B1-0F8EEE6AAA7B}.Release|Any CPU.ActiveCfg = Release|Any CPU
		{EFCC7415-A9C1-4BBE-92B1-0F8EEE6AAA7B}.Release|Any CPU.Build.0 = Release|Any CPU
		{E24B1A67-E292-4ACB-92B8-38B6361A7374}.Debug|Any CPU.ActiveCfg = Debug|Any CPU
		{E24B1A67-E292-4ACB-92B8-38B6361A7374}.Debug|Any CPU.Build.0 = Debug|Any CPU
		{E24B1A67-E292-4ACB-92B8-38B6361A7374}.Release|Any CPU.ActiveCfg = Release|Any CPU
		{E24B1A67-E292-4ACB-92B8-38B6361A7374}.Release|Any CPU.Build.0 = Release|Any CPU
		{876B9501-0155-4634-856A-936D5DC2AA75}.Debug|Any CPU.ActiveCfg = Debug|Any CPU
		{876B9501-0155-4634-856A-936D5DC2AA75}.Debug|Any CPU.Build.0 = Debug|Any CPU
		{876B9501-0155-4634-856A-936D5DC2AA75}.Release|Any CPU.ActiveCfg = Release|Any CPU
		{876B9501-0155-4634-856A-936D5DC2AA75}.Release|Any CPU.Build.0 = Release|Any CPU
		{441C23D5-62D4-4358-ACD7-38EC30940F92}.Debug|Any CPU.ActiveCfg = Debug|Any CPU
		{441C23D5-62D4-4358-ACD7-38EC30940F92}.Debug|Any CPU.Build.0 = Debug|Any CPU
		{441C23D5-62D4-4358-ACD7-38EC30940F92}.Release|Any CPU.ActiveCfg = Release|Any CPU
		{441C23D5-62D4-4358-ACD7-38EC30940F92}.Release|Any CPU.Build.0 = Release|Any CPU
		{0156EA3B-3843-42B5-8530-EBDBD8BD3909}.Debug|Any CPU.ActiveCfg = Debug|Any CPU
		{0156EA3B-3843-42B5-8530-EBDBD8BD3909}.Debug|Any CPU.Build.0 = Debug|Any CPU
		{0156EA3B-3843-42B5-8530-EBDBD8BD3909}.Release|Any CPU.ActiveCfg = Release|Any CPU
		{0156EA3B-3843-42B5-8530-EBDBD8BD3909}.Release|Any CPU.Build.0 = Release|Any CPU
		{0F4D74E7-CCA8-41F8-8BED-3F3CA1E86E33}.Debug|Any CPU.ActiveCfg = Debug|Any CPU
		{0F4D74E7-CCA8-41F8-8BED-3F3CA1E86E33}.Debug|Any CPU.Build.0 = Debug|Any CPU
		{0F4D74E7-CCA8-41F8-8BED-3F3CA1E86E33}.Release|Any CPU.ActiveCfg = Release|Any CPU
		{0F4D74E7-CCA8-41F8-8BED-3F3CA1E86E33}.Release|Any CPU.Build.0 = Release|Any CPU
		{A1B2C3D4-E5F6-7890-ABCD-EF1234567890}.Debug|Any CPU.ActiveCfg = Debug|Any CPU
		{A1B2C3D4-E5F6-7890-ABCD-EF1234567890}.Debug|Any CPU.Build.0 = Debug|Any CPU
		{A1B2C3D4-E5F6-7890-ABCD-EF1234567890}.Release|Any CPU.ActiveCfg = Release|Any CPU
		{A1B2C3D4-E5F6-7890-ABCD-EF1234567890}.Release|Any CPU.Build.0 = Release|Any CPU
	EndGlobalSection
	GlobalSection(SolutionProperties) = preSolution
		HideSolutionNode = FALSE
	EndGlobalSection
	GlobalSection(ExtensibilityGlobals) = postSolution
		SolutionGuid = {D7A6F3C5-8B2E-4A1F-9D6C-3E7F8A9B2C1D}
	EndGlobalSection
EndGlobal
